
Microsoft Visual Studio Solution File, Format Version 12.00
# Visual Studio Version 16
VisualStudioVersion = 16.0.31105.61
MinimumVisualStudioVersion = 10.0.40219.1
Project("{FAE04EC0-301F-11D3-BF4B-00C04F79EFBC}") = "IARA Teste", "IARA Teste\IARA Teste.csproj", "{51C0D02B-1070-48D1-A240-0FBE08E1FF42}"
EndProject
Global
	GlobalSection(SolutionConfigurationPlatforms) = preSolution
		Debug|Any CPU = Debug|Any CPU
		Release|Any CPU = Release|Any CPU
	EndGlobalSection
	GlobalSection(ProjectConfigurationPlatforms) = postSolution
		{51C0D02B-1070-48D1-A240-0FBE08E1FF42}.Debug|Any CPU.ActiveCfg = Debug|Any CPU
		{51C0D02B-1070-48D1-A240-0FBE08E1FF42}.Debug|Any CPU.Build.0 = Debug|Any CPU
		{51C0D02B-1070-48D1-A240-0FBE08E1FF42}.Release|Any CPU.ActiveCfg = Release|Any CPU
		{51C0D02B-1070-48D1-A240-0FBE08E1FF42}.Release|Any CPU.Build.0 = Release|Any CPU
	EndGlobalSection
	GlobalSection(SolutionProperties) = preSolution
		HideSolutionNode = FALSE
	EndGlobalSection
	GlobalSection(ExtensibilityGlobals) = postSolution
		SolutionGuid = {A2F7F09B-7326-4769-B5E0-5C0B8DA67344}
	EndGlobalSection
EndGlobal
